
Microsoft Visual Studio Solution File, Format Version 12.00
# Visual Studio 15
Project("{FAE04EC0-301F-11D3-BF4B-00C04F79EFBC}") = "Assembly-CSharp", "Assembly-CSharp.csproj", "{D662B9B6-DDAF-F196-7CF2-DEA0ED825379}"
EndProject
Project("{FAE04EC0-301F-11D3-BF4B-00C04F79EFBC}") = "Unity.Postprocessing.Runtime", "Unity.Postprocessing.Runtime.csproj", "{04F92273-B6FE-5615-F81C-5ED674D6E617}"
EndProject
Project("{FAE04EC0-301F-11D3-BF4B-00C04F79EFBC}") = "Unity.Postprocessing.Editor", "Unity.Postprocessing.Editor.csproj", "{159A571C-57AC-4ABA-964E-B0E5AE9CFC50}"
EndProject
Project("{FAE04EC0-301F-11D3-BF4B-00C04F79EFBC}") = "Assembly-CSharp-Editor", "Assembly-CSharp-Editor.csproj", "{B2E5683E-586C-68AD-2892-5813162642AF}"
EndProject
Global
	GlobalSection(SolutionConfigurationPlatforms) = preSolution
		Debug|Any CPU = Debug|Any CPU
		Release|Any CPU = Release|Any CPU
	EndGlobalSection
	GlobalSection(ProjectConfigurationPlatforms) = postSolution
		{D662B9B6-DDAF-F196-7CF2-DEA0ED825379}.Debug|Any CPU.ActiveCfg = Debug|Any CPU
		{D662B9B6-DDAF-F196-7CF2-DEA0ED825379}.Debug|Any CPU.Build.0 = Debug|Any CPU
		{D662B9B6-DDAF-F196-7CF2-DEA0ED825379}.Release|Any CPU.ActiveCfg = Release|Any CPU
		{D662B9B6-DDAF-F196-7CF2-DEA0ED825379}.Release|Any CPU.Build.0 = Release|Any CPU
		{04F92273-B6FE-5615-F81C-5ED674D6E617}.Debug|Any CPU.ActiveCfg = Debug|Any CPU
		{04F92273-B6FE-5615-F81C-5ED674D6E617}.Debug|Any CPU.Build.0 = Debug|Any CPU
		{04F92273-B6FE-5615-F81C-5ED674D6E617}.Release|Any CPU.ActiveCfg = Release|Any CPU
		{04F92273-B6FE-5615-F81C-5ED674D6E617}.Release|Any CPU.Build.0 = Release|Any CPU
		{159A571C-57AC-4ABA-964E-B0E5AE9CFC50}.Debug|Any CPU.ActiveCfg = Debug|Any CPU
		{159A571C-57AC-4ABA-964E-B0E5AE9CFC50}.Debug|Any CPU.Build.0 = Debug|Any CPU
		{159A571C-57AC-4ABA-964E-B0E5AE9CFC50}.Release|Any CPU.ActiveCfg = Release|Any CPU
		{159A571C-57AC-4ABA-964E-B0E5AE9CFC50}.Release|Any CPU.Build.0 = Release|Any CPU
		{B2E5683E-586C-68AD-2892-5813162642AF}.Debug|Any CPU.ActiveCfg = Debug|Any CPU
		{B2E5683E-586C-68AD-2892-5813162642AF}.Debug|Any CPU.Build.0 = Debug|Any CPU
		{B2E5683E-586C-68AD-2892-5813162642AF}.Release|Any CPU.ActiveCfg = Release|Any CPU
		{B2E5683E-586C-68AD-2892-5813162642AF}.Release|Any CPU.Build.0 = Release|Any CPU
	EndGlobalSection
	GlobalSection(SolutionProperties) = preSolution
		HideSolutionNode = FALSE
	EndGlobalSection
EndGlobal
